
Microsoft Visual Studio Solution File, Format Version 12.00
# Visual Studio Version 17
VisualStudioVersion = 17.4.33122.133
MinimumVisualStudioVersion = 10.0.40219.1
Project("{9A19103F-16F7-4668-BE54-9A1E7A4F7556}") = "PerryQBot", "PerryQBot\PerryQBot.csproj", "{FBDEA23D-856C-4DF3-B284-071488A73E71}"
EndProject
Project("{2150E333-8FDC-42A3-9474-1A3956D46DE8}") = "解决方案项", "解决方案项", "{54911FF4-AE96-4A1B-84B9-59E2C982B39A}"
	ProjectSection(SolutionItems) = preProject
		.dockerignore = .dockerignore
		.drone.yml = .drone.yml
		docker-compose.yml = docker-compose.yml
		LICENSE = LICENSE
		README.md = README.md
		restart = restart
	EndProjectSection
EndProject
Project("{2150E333-8FDC-42A3-9474-1A3956D46DE8}") = "QRCodeService", "QRCodeService", "{B72AF199-EC6C-4AFE-98C8-53CCB7C25C7D}"
	ProjectSection(SolutionItems) = preProject
		QRCodeService\Dockerfile = QRCodeService\Dockerfile
	EndProjectSection
EndProject
Global
	GlobalSection(SolutionConfigurationPlatforms) = preSolution
		Debug|Any CPU = Debug|Any CPU
		Release|Any CPU = Release|Any CPU
	EndGlobalSection
	GlobalSection(ProjectConfigurationPlatforms) = postSolution
		{FBDEA23D-856C-4DF3-B284-071488A73E71}.Debug|Any CPU.ActiveCfg = Debug|Any CPU
		{FBDEA23D-856C-4DF3-B284-071488A73E71}.Debug|Any CPU.Build.0 = Debug|Any CPU
		{FBDEA23D-856C-4DF3-B284-071488A73E71}.Release|Any CPU.ActiveCfg = Release|Any CPU
		{FBDEA23D-856C-4DF3-B284-071488A73E71}.Release|Any CPU.Build.0 = Release|Any CPU
	EndGlobalSection
	GlobalSection(SolutionProperties) = preSolution
		HideSolutionNode = FALSE
	EndGlobalSection
	GlobalSection(NestedProjects) = preSolution
		{B72AF199-EC6C-4AFE-98C8-53CCB7C25C7D} = {54911FF4-AE96-4A1B-84B9-59E2C982B39A}
	EndGlobalSection
	GlobalSection(ExtensibilityGlobals) = postSolution
		SolutionGuid = {D8B091F2-4ECC-4F91-B61A-BB836FCE66E0}
	EndGlobalSection
EndGlobal
